{
	"name": "scan-images-menu2pdf",
	"version": "2.8.3",
	"lockfileVersion": 3,
	"requires": true,
	"packages": {
		"": {
			"name": "scan-images-menu2pdf",
			"version": "2.8.3",
			"license": "MIT",
			"dependencies": {
				"cli-progress": "^3.12.0",
				"colors": "^1.4.0",
				"jzz": "^1.8.0",
				"pdf-lib": "^1.17.1"
			}
		},
		"node_modules/@pdf-lib/standard-fonts": {
			"version": "1.0.0",
			"resolved": "https://registry.npmjs.org/@pdf-lib/standard-fonts/-/standard-fonts-1.0.0.tgz",
			"integrity": "sha512-hU30BK9IUN/su0Mn9VdlVKsWBS6GyhVfqjwl1FjZN4TxP6cCw0jP2w7V3Hf5uX7M0AZJ16vey9yE0ny7Sa59ZA==",
			"dependencies": {
				"pako": "^1.0.6"
			}
		},
		"node_modules/@pdf-lib/upng": {
			"version": "1.0.1",
			"resolved": "https://registry.npmjs.org/@pdf-lib/upng/-/upng-1.0.1.tgz",
			"integrity": "sha512-dQK2FUMQtowVP00mtIksrlZhdFXQZPC+taih1q4CvPZ5vqdxR/LKBaFg0oAfzd1GlHZXXSPdQfzQnt+ViGvEIQ==",
			"dependencies": {
				"pako": "^1.0.10"
			}
		},
		"node_modules/@types/webmidi": {
			"version": "2.0.10",
			"resolved": "https://registry.npmjs.org/@types/webmidi/-/webmidi-2.0.10.tgz",
			"integrity": "sha512-4RmTFMB6mN2h8XbJa1x3cOs9IOkXvFyHGcPUpUvWfmATuKg/J+dsFiMVgCE2EkpS+/8a8AP2tE3rQT1mLG7vEg=="
		},
		"node_modules/ansi-regex": {
			"version": "5.0.1",
			"resolved": "https://registry.npmjs.org/ansi-regex/-/ansi-regex-5.0.1.tgz",
			"integrity": "sha512-quJQXlTSUGL2LH9SUXo8VwsY4soanhgo6LNSm84E1LBcE8s3O0wpdiRzyR9z/ZZJMlMWv37qOOb9pdJlMUEKFQ==",
			"engines": {
				"node": ">=8"
			}
		},
		"node_modules/cli-progress": {
			"version": "3.12.0",
			"resolved": "https://registry.npmjs.org/cli-progress/-/cli-progress-3.12.0.tgz",
			"integrity": "sha512-tRkV3HJ1ASwm19THiiLIXLO7Im7wlTuKnvkYaTkyoAPefqjNg7W7DHKUlGRxy9vxDvbyCYQkQozvptuMkGCg8A==",
			"dependencies": {
				"string-width": "^4.2.3"
			},
			"engines": {
				"node": ">=4"
			}
		},
		"node_modules/colors": {
			"version": "1.4.0",
			"resolved": "https://registry.npmjs.org/colors/-/colors-1.4.0.tgz",
			"integrity": "sha512-a+UqTh4kgZg/SlGvfbzDHpgRu7AAQOmmqRHJnxhRZICKFUT91brVhNNt58CMWU9PsBbv3PDCZUHbVxuDiH2mtA==",
			"engines": {
				"node": ">=0.1.90"
			}
		},
		"node_modules/emoji-regex": {
			"version": "8.0.0",
			"resolved": "https://registry.npmjs.org/emoji-regex/-/emoji-regex-8.0.0.tgz",
			"integrity": "sha512-MSjYzcWNOA0ewAHpz0MxpYFvwg6yjy1NG3xteoqz644VCo/RPgnr1/GGt+ic3iJTzQ8Eu3TdM14SawnVUmGE6A=="
		},
		"node_modules/is-fullwidth-code-point": {
			"version": "3.0.0",
			"resolved": "https://registry.npmjs.org/is-fullwidth-code-point/-/is-fullwidth-code-point-3.0.0.tgz",
			"integrity": "sha512-zymm5+u+sCsSWyD9qNaejV3DFvhCKclKdizYaJUuHA83RLjb7nSuGnddCHGv0hk+KY7BMAlsWeK4Ueg6EV6XQg==",
			"engines": {
				"node": ">=8"
			}
		},
		"node_modules/jazz-midi": {
			"version": "1.7.9",
			"resolved": "https://registry.npmjs.org/jazz-midi/-/jazz-midi-1.7.9.tgz",
			"integrity": "sha512-c8c4BBgwxdsIr1iVm53nadCrtH7BUlnX3V95ciK/gbvXN/ndE5+POskBalXgqlc/r9p2XUbdLTrgrC6fou5p9w==",
			"engines": {
				"node": ">=10.0.0"
			}
		},
		"node_modules/jzz": {
			"version": "1.8.0",
			"resolved": "https://registry.npmjs.org/jzz/-/jzz-1.8.0.tgz",
			"integrity": "sha512-mkEdizFQB3gIk9NzwIsbsKdXtu+t2uL9dCldU0AKct8YK9t5XT68V5IgZ0opfk16FkFXB0QA0Q+IEJEn7M0MQg==",
			"dependencies": {
				"@types/webmidi": "^2.0.10",
				"jazz-midi": "^1.7.9"
			}
		},
		"node_modules/pako": {
			"version": "1.0.11",
			"resolved": "https://registry.npmjs.org/pako/-/pako-1.0.11.tgz",
			"integrity": "sha512-4hLB8Py4zZce5s4yd9XzopqwVv/yGNhV1Bl8NTmCq1763HeK2+EwVTv+leGeL13Dnh2wfbqowVPXCIO0z4taYw=="
		},
		"node_modules/pdf-lib": {
			"version": "1.17.1",
			"resolved": "https://registry.npmjs.org/pdf-lib/-/pdf-lib-1.17.1.tgz",
			"integrity": "sha512-V/mpyJAoTsN4cnP31vc0wfNA1+p20evqqnap0KLoRUN0Yk/p3wN52DOEsL4oBFcLdb76hlpKPtzJIgo67j/XLw==",
			"dependencies": {
				"@pdf-lib/standard-fonts": "^1.0.0",
				"@pdf-lib/upng": "^1.0.1",
				"pako": "^1.0.11",
				"tslib": "^1.11.1"
			}
		},
		"node_modules/string-width": {
			"version": "4.2.3",
			"resolved": "https://registry.npmjs.org/string-width/-/string-width-4.2.3.tgz",
			"integrity": "sha512-wKyQRQpjJ0sIp62ErSZdGsjMJWsap5oRNihHhu6G7JVO/9jIB6UyevL+tXuOqrng8j/cxKTWyWUwvSTriiZz/g==",
			"dependencies": {
				"emoji-regex": "^8.0.0",
				"is-fullwidth-code-point": "^3.0.0",
				"strip-ansi": "^6.0.1"
			},
			"engines": {
				"node": ">=8"
			}
		},
		"node_modules/strip-ansi": {
			"version": "6.0.1",
			"resolved": "https://registry.npmjs.org/strip-ansi/-/strip-ansi-6.0.1.tgz",
			"integrity": "sha512-Y38VPSHcqkFrCpFnQ9vuSXmquuv5oXOKpGeT6aGrr3o3Gc9AlVa6JBfUSOCnbxGGZF+/0ooI7KrPuUSztUdU5A==",
			"dependencies": {
				"ansi-regex": "^5.0.1"
			},
			"engines": {
				"node": ">=8"
			}
		},
		"node_modules/tslib": {
			"version": "1.14.1",
			"resolved": "https://registry.npmjs.org/tslib/-/tslib-1.14.1.tgz",
			"integrity": "sha512-Xni35NKzjgMrwevysHTCArtLDpPvye8zV/0E4EyYn43P7/7qvQwPh9BGkHewbMulVntbigmcT7rdX3BNo9wRJg=="
		}
	}
}
